{
  "pins" : [
    {
      "identity" : "checkout-event-logger-ios-framework",
      "kind" : "remoteSourceControl",
      "location" : "https://github.com/checkout/checkout-event-logger-ios-framework.git",
      "state" : {
        "revision" : "a914d754b4ffb1843730e8e1f8e7e60c4bf81cf9",
        "version" : "1.2.4"
      }
    },
    {
      "identity" : "checkout-risk-sdk-ios",
      "kind" : "remoteSourceControl",
      "location" : "https://github.com/checkout/checkout-risk-sdk-ios.git",
      "state" : {
        "revision" : "bf7b872704fcc24a4e57640350f594f82436494e",
        "version" : "4.0.0"
      }
    },
    {
      "identity" : "fingerprintjs-pro-ios",
      "kind" : "remoteSourceControl",
      "location" : "https://github.com/fingerprintjs/fingerprintjs-pro-ios",
      "state" : {
        "revision" : "51df49f935af022ceafbee34855500a37e0f35d3",
        "version" : "2.7.0"
      }
    },
    {
      "identity" : "phonenumberkit",
      "kind" : "remoteSourceControl",
      "location" : "https://github.com/marmelroy/PhoneNumberKit.git",
      "state" : {
        "revision" : "288b99e9e99926bc8be41220802df83c059fac9b",
        "version" : "4.0.2"
      }
    }
  ],
  "version" : 2
}
